
Microsoft Visual Studio Solution File, Format Version 12.00
# Visual Studio Version 17
VisualStudioVersion = 17.8.34330.188
MinimumVisualStudioVersion = 10.0.40219.1
Project("{FAE04EC0-301F-11D3-BF4B-00C04F79EFBC}") = "CoreWCFService1", "CoreWCFService1.csproj", "{A1CFE78C-8032-4C48-BEA5-A4FF3A8CF2E1}"
EndProject
Global
	GlobalSection(SolutionConfigurationPlatforms) = preSolution
		Debug|Any CPU = Debug|Any CPU
		Release|Any CPU = Release|Any CPU
	EndGlobalSection
	GlobalSection(ProjectConfigurationPlatforms) = postSolution
		{A1CFE78C-8032-4C48-BEA5-A4FF3A8CF2E1}.Debug|Any CPU.ActiveCfg = Debug|Any CPU
		{A1CFE78C-8032-4C48-BEA5-A4FF3A8CF2E1}.Debug|Any CPU.Build.0 = Debug|Any CPU
		{A1CFE78C-8032-4C48-BEA5-A4FF3A8CF2E1}.Release|Any CPU.ActiveCfg = Release|Any CPU
		{A1CFE78C-8032-4C48-BEA5-A4FF3A8CF2E1}.Release|Any CPU.Build.0 = Release|Any CPU
	EndGlobalSection
	GlobalSection(SolutionProperties) = preSolution
		HideSolutionNode = FALSE
	EndGlobalSection
	GlobalSection(ExtensibilityGlobals) = postSolution
		SolutionGuid = {55C8FCAB-3E41-462C-9144-11D04F020E8B}
	EndGlobalSection
EndGlobal
